
Microsoft Visual Studio Solution File, Format Version 12.00
# Visual Studio Version 17
VisualStudioVersion = 17.5.002.0
MinimumVisualStudioVersion = 10.0.40219.1
Project("{9A19103F-16F7-4668-BE54-9A1E7A4F7556}") = "ASP_CORE_03", "ASP_CORE_03.csproj", "{3EF9196C-0943-48DB-AF89-5E4241D56264}"
EndProject
Global
	GlobalSection(SolutionConfigurationPlatforms) = preSolution
		Debug|Any CPU = Debug|Any CPU
		Release|Any CPU = Release|Any CPU
	EndGlobalSection
	GlobalSection(ProjectConfigurationPlatforms) = postSolution
		{3EF9196C-0943-48DB-AF89-5E4241D56264}.Debug|Any CPU.ActiveCfg = Debug|Any CPU
		{3EF9196C-0943-48DB-AF89-5E4241D56264}.Debug|Any CPU.Build.0 = Debug|Any CPU
		{3EF9196C-0943-48DB-AF89-5E4241D56264}.Release|Any CPU.ActiveCfg = Release|Any CPU
		{3EF9196C-0943-48DB-AF89-5E4241D56264}.Release|Any CPU.Build.0 = Release|Any CPU
	EndGlobalSection
	GlobalSection(SolutionProperties) = preSolution
		HideSolutionNode = FALSE
	EndGlobalSection
	GlobalSection(ExtensibilityGlobals) = postSolution
		SolutionGuid = {069E9ACE-0061-468D-A3C6-755F0773F1EE}
	EndGlobalSection
EndGlobal
