
Microsoft Visual Studio Solution File, Format Version 12.00
# Visual Studio Version 17
VisualStudioVersion = 17.5.002.0
MinimumVisualStudioVersion = 10.0.40219.1
Project("{9A19103F-16F7-4668-BE54-9A1E7A4F7556}") = "ADONET_01", "ADONET_01.csproj", "{CFE49422-14C3-4425-9445-41613404890A}"
EndProject
Global
	GlobalSection(SolutionConfigurationPlatforms) = preSolution
		Debug|Any CPU = Debug|Any CPU
		Release|Any CPU = Release|Any CPU
	EndGlobalSection
	GlobalSection(ProjectConfigurationPlatforms) = postSolution
		{CFE49422-14C3-4425-9445-41613404890A}.Debug|Any CPU.ActiveCfg = Debug|Any CPU
		{CFE49422-14C3-4425-9445-41613404890A}.Debug|Any CPU.Build.0 = Debug|Any CPU
		{CFE49422-14C3-4425-9445-41613404890A}.Release|Any CPU.ActiveCfg = Release|Any CPU
		{CFE49422-14C3-4425-9445-41613404890A}.Release|Any CPU.Build.0 = Release|Any CPU
	EndGlobalSection
	GlobalSection(SolutionProperties) = preSolution
		HideSolutionNode = FALSE
	EndGlobalSection
	GlobalSection(ExtensibilityGlobals) = postSolution
		SolutionGuid = {004F6B12-7067-412D-B821-295874CBC26E}
	EndGlobalSection
EndGlobal
