
Microsoft Visual Studio Solution File, Format Version 12.00
# Visual Studio Version 17
VisualStudioVersion = 17.8.34330.188
MinimumVisualStudioVersion = 10.0.40219.1
Project("{9A19103F-16F7-4668-BE54-9A1E7A4F7556}") = "NameSpace", "NameSpace\NameSpace.csproj", "{0821CB67-0207-4547-8B0E-F4395739FBC9}"
EndProject
Project("{9A19103F-16F7-4668-BE54-9A1E7A4F7556}") = "Generic", "Generic\Generic.csproj", "{E59416E6-97A1-41CF-AE42-DF23B25354A8}"
EndProject
Project("{9A19103F-16F7-4668-BE54-9A1E7A4F7556}") = "PhuongThuc", "PhuongThuc\PhuongThuc.csproj", "{FA1D5742-CC1F-4069-BC17-1611F7962555}"
EndProject
Project("{FAE04EC0-301F-11D3-BF4B-00C04F79EFBC}") = "AnonymousAndDynamic", "AnonymousAndDynamic\AnonymousAndDynamic.csproj", "{254DDED1-2E68-4EF8-93F2-A259539D8769}"
EndProject
Project("{FAE04EC0-301F-11D3-BF4B-00C04F79EFBC}") = "NullAndNullable", "NullAndNullable\NullAndNullable.csproj", "{9FCA5DC7-C956-4CF6-AFD4-032B23D92CF8}"
EndProject
Project("{FAE04EC0-301F-11D3-BF4B-00C04F79EFBC}") = "VirtualMethod", "VirtualMethod\VirtualMethod.csproj", "{81C8D921-C482-4921-88C6-567A9EA8E8F4}"
EndProject
Project("{FAE04EC0-301F-11D3-BF4B-00C04F79EFBC}") = "AbstractClass", "AbstractClass\AbstractClass.csproj", "{DC6DDB24-93A5-4231-AB47-43066CA0E4E6}"
EndProject
Project("{FAE04EC0-301F-11D3-BF4B-00C04F79EFBC}") = "Inerface", "Inerface\Inerface.csproj", "{9BA59E0F-81DA-4ACB-A7E1-0396FD5D282E}"
EndProject
Global
	GlobalSection(SolutionConfigurationPlatforms) = preSolution
		Debug|Any CPU = Debug|Any CPU
		Release|Any CPU = Release|Any CPU
	EndGlobalSection
	GlobalSection(ProjectConfigurationPlatforms) = postSolution
		{0821CB67-0207-4547-8B0E-F4395739FBC9}.Debug|Any CPU.ActiveCfg = Debug|Any CPU
		{0821CB67-0207-4547-8B0E-F4395739FBC9}.Debug|Any CPU.Build.0 = Debug|Any CPU
		{0821CB67-0207-4547-8B0E-F4395739FBC9}.Release|Any CPU.ActiveCfg = Release|Any CPU
		{0821CB67-0207-4547-8B0E-F4395739FBC9}.Release|Any CPU.Build.0 = Release|Any CPU
		{E59416E6-97A1-41CF-AE42-DF23B25354A8}.Debug|Any CPU.ActiveCfg = Debug|Any CPU
		{E59416E6-97A1-41CF-AE42-DF23B25354A8}.Debug|Any CPU.Build.0 = Debug|Any CPU
		{E59416E6-97A1-41CF-AE42-DF23B25354A8}.Release|Any CPU.ActiveCfg = Release|Any CPU
		{E59416E6-97A1-41CF-AE42-DF23B25354A8}.Release|Any CPU.Build.0 = Release|Any CPU
		{FA1D5742-CC1F-4069-BC17-1611F7962555}.Debug|Any CPU.ActiveCfg = Debug|Any CPU
		{FA1D5742-CC1F-4069-BC17-1611F7962555}.Debug|Any CPU.Build.0 = Debug|Any CPU
		{FA1D5742-CC1F-4069-BC17-1611F7962555}.Release|Any CPU.ActiveCfg = Release|Any CPU
		{FA1D5742-CC1F-4069-BC17-1611F7962555}.Release|Any CPU.Build.0 = Release|Any CPU
		{254DDED1-2E68-4EF8-93F2-A259539D8769}.Debug|Any CPU.ActiveCfg = Debug|Any CPU
		{254DDED1-2E68-4EF8-93F2-A259539D8769}.Debug|Any CPU.Build.0 = Debug|Any CPU
		{254DDED1-2E68-4EF8-93F2-A259539D8769}.Release|Any CPU.ActiveCfg = Release|Any CPU
		{254DDED1-2E68-4EF8-93F2-A259539D8769}.Release|Any CPU.Build.0 = Release|Any CPU
		{9FCA5DC7-C956-4CF6-AFD4-032B23D92CF8}.Debug|Any CPU.ActiveCfg = Debug|Any CPU
		{9FCA5DC7-C956-4CF6-AFD4-032B23D92CF8}.Debug|Any CPU.Build.0 = Debug|Any CPU
		{9FCA5DC7-C956-4CF6-AFD4-032B23D92CF8}.Release|Any CPU.ActiveCfg = Release|Any CPU
		{9FCA5DC7-C956-4CF6-AFD4-032B23D92CF8}.Release|Any CPU.Build.0 = Release|Any CPU
		{81C8D921-C482-4921-88C6-567A9EA8E8F4}.Debug|Any CPU.ActiveCfg = Debug|Any CPU
		{81C8D921-C482-4921-88C6-567A9EA8E8F4}.Debug|Any CPU.Build.0 = Debug|Any CPU
		{81C8D921-C482-4921-88C6-567A9EA8E8F4}.Release|Any CPU.ActiveCfg = Release|Any CPU
		{81C8D921-C482-4921-88C6-567A9EA8E8F4}.Release|Any CPU.Build.0 = Release|Any CPU
		{DC6DDB24-93A5-4231-AB47-43066CA0E4E6}.Debug|Any CPU.ActiveCfg = Debug|Any CPU
		{DC6DDB24-93A5-4231-AB47-43066CA0E4E6}.Debug|Any CPU.Build.0 = Debug|Any CPU
		{DC6DDB24-93A5-4231-AB47-43066CA0E4E6}.Release|Any CPU.ActiveCfg = Release|Any CPU
		{DC6DDB24-93A5-4231-AB47-43066CA0E4E6}.Release|Any CPU.Build.0 = Release|Any CPU
		{9BA59E0F-81DA-4ACB-A7E1-0396FD5D282E}.Debug|Any CPU.ActiveCfg = Debug|Any CPU
		{9BA59E0F-81DA-4ACB-A7E1-0396FD5D282E}.Debug|Any CPU.Build.0 = Debug|Any CPU
		{9BA59E0F-81DA-4ACB-A7E1-0396FD5D282E}.Release|Any CPU.ActiveCfg = Release|Any CPU
		{9BA59E0F-81DA-4ACB-A7E1-0396FD5D282E}.Release|Any CPU.Build.0 = Release|Any CPU
	EndGlobalSection
	GlobalSection(SolutionProperties) = preSolution
		HideSolutionNode = FALSE
	EndGlobalSection
	GlobalSection(ExtensibilityGlobals) = postSolution
		SolutionGuid = {F4AFB0CA-C690-4398-8F6D-B4F86D6192F3}
	EndGlobalSection
EndGlobal
